
Microsoft Visual Studio Solution File, Format Version 12.00
# Visual Studio 15
VisualStudioVersion = 15.0.26730.3
MinimumVisualStudioVersion = 10.0.40219.1
Project("{2150E333-8FDC-42A3-9474-1A3956D46DE8}") = "src", "src", "{29E13D91-D8C1-4130-9AC8-312BBE55CE54}"
EndProject
Project("{2150E333-8FDC-42A3-9474-1A3956D46DE8}") = "test", "test", "{3CDD9117-5C27-499C-9920-2EE67FB01C62}"
EndProject
Project("{2150E333-8FDC-42A3-9474-1A3956D46DE8}") = "Solution Items", "Solution Items", "{D1C84300-30A5-4732-B7F7-0B99F6981C10}"
	ProjectSection(SolutionItems) = preProject
		README.md = README.md
	EndProjectSection
EndProject
Project("{2150E333-8FDC-42A3-9474-1A3956D46DE8}") = "samples", "samples", "{0C8DDFE0-96F7-4374-87BE-9C9BD42B495B}"
EndProject
Project("{FAE04EC0-301F-11D3-BF4B-00C04F79EFBC}") = "Bun.Toolkit", "src\Bun.Toolkit\Bun.Toolkit.csproj", "{7FFBF5F3-23CA-4F27-96FB-E32A0E66AF68}"
EndProject
Project("{FAE04EC0-301F-11D3-BF4B-00C04F79EFBC}") = "Bun.Toolkit.Test", "test\Bun.Toolkit.Test\Bun.Toolkit.Test.csproj", "{E7C56BF3-629A-4450-89BD-FA7EE3C28886}"
EndProject
Project("{FAE04EC0-301F-11D3-BF4B-00C04F79EFBC}") = "Bun.Toolkit.Sample", "samples\Bun.Toolkit.Sample\Bun.Toolkit.Sample.csproj", "{EC69FF09-6830-4A6E-AB7C-D8FA816D32FE}"
EndProject
Global
	GlobalSection(SolutionConfigurationPlatforms) = preSolution
		Debug|Any CPU = Debug|Any CPU
		Release|Any CPU = Release|Any CPU
	EndGlobalSection
	GlobalSection(ProjectConfigurationPlatforms) = postSolution
		{7FFBF5F3-23CA-4F27-96FB-E32A0E66AF68}.Debug|Any CPU.ActiveCfg = Debug|Any CPU
		{7FFBF5F3-23CA-4F27-96FB-E32A0E66AF68}.Debug|Any CPU.Build.0 = Debug|Any CPU
		{7FFBF5F3-23CA-4F27-96FB-E32A0E66AF68}.Release|Any CPU.ActiveCfg = Release|Any CPU
		{7FFBF5F3-23CA-4F27-96FB-E32A0E66AF68}.Release|Any CPU.Build.0 = Release|Any CPU
		{E7C56BF3-629A-4450-89BD-FA7EE3C28886}.Debug|Any CPU.ActiveCfg = Debug|Any CPU
		{E7C56BF3-629A-4450-89BD-FA7EE3C28886}.Debug|Any CPU.Build.0 = Debug|Any CPU
		{E7C56BF3-629A-4450-89BD-FA7EE3C28886}.Release|Any CPU.ActiveCfg = Release|Any CPU
		{E7C56BF3-629A-4450-89BD-FA7EE3C28886}.Release|Any CPU.Build.0 = Release|Any CPU
		{EC69FF09-6830-4A6E-AB7C-D8FA816D32FE}.Debug|Any CPU.ActiveCfg = Debug|Any CPU
		{EC69FF09-6830-4A6E-AB7C-D8FA816D32FE}.Debug|Any CPU.Build.0 = Debug|Any CPU
		{EC69FF09-6830-4A6E-AB7C-D8FA816D32FE}.Release|Any CPU.ActiveCfg = Release|Any CPU
		{EC69FF09-6830-4A6E-AB7C-D8FA816D32FE}.Release|Any CPU.Build.0 = Release|Any CPU
	EndGlobalSection
	GlobalSection(SolutionProperties) = preSolution
		HideSolutionNode = FALSE
	EndGlobalSection
	GlobalSection(NestedProjects) = preSolution
		{7FFBF5F3-23CA-4F27-96FB-E32A0E66AF68} = {29E13D91-D8C1-4130-9AC8-312BBE55CE54}
		{E7C56BF3-629A-4450-89BD-FA7EE3C28886} = {3CDD9117-5C27-499C-9920-2EE67FB01C62}
		{EC69FF09-6830-4A6E-AB7C-D8FA816D32FE} = {0C8DDFE0-96F7-4374-87BE-9C9BD42B495B}
	EndGlobalSection
	GlobalSection(ExtensibilityGlobals) = postSolution
		SolutionGuid = {59239807-86D2-4DD6-832E-0D0D12EA3878}
	EndGlobalSection
EndGlobal
